
Microsoft Visual Studio Solution File, Format Version 12.00
# Visual Studio Version 17
VisualStudioVersion = 17.9.34723.18
MinimumVisualStudioVersion = 10.0.40219.1
Project("{FAE04EC0-301F-11D3-BF4B-00C04F79EFBC}") = "Metodo IF", "Metodo IF.csproj", "{9576D925-098E-41BA-82BB-93EA124DC1A6}"
EndProject
Global
	GlobalSection(SolutionConfigurationPlatforms) = preSolution
		Debug|Any CPU = Debug|Any CPU
		Release|Any CPU = Release|Any CPU
	EndGlobalSection
	GlobalSection(ProjectConfigurationPlatforms) = postSolution
		{9576D925-098E-41BA-82BB-93EA124DC1A6}.Debug|Any CPU.ActiveCfg = Debug|Any CPU
		{9576D925-098E-41BA-82BB-93EA124DC1A6}.Debug|Any CPU.Build.0 = Debug|Any CPU
		{9576D925-098E-41BA-82BB-93EA124DC1A6}.Release|Any CPU.ActiveCfg = Release|Any CPU
		{9576D925-098E-41BA-82BB-93EA124DC1A6}.Release|Any CPU.Build.0 = Release|Any CPU
	EndGlobalSection
	GlobalSection(SolutionProperties) = preSolution
		HideSolutionNode = FALSE
	EndGlobalSection
	GlobalSection(ExtensibilityGlobals) = postSolution
		SolutionGuid = {A959C18F-14DD-4270-90B8-0A112F8F39A9}
	EndGlobalSection
EndGlobal
